
Microsoft Visual Studio Solution File, Format Version 12.00
# Visual Studio Version 17
VisualStudioVersion = 17.5.33627.172
MinimumVisualStudioVersion = 10.0.40219.1
Project("{2150E333-8FDC-42A3-9474-1A3956D46DE8}") = "Application Bussiness", "Application Bussiness", "{8BB56463-8B2D-4AD2-AF79-B9DA4B3C7C12}"
EndProject
Project("{9A19103F-16F7-4668-BE54-9A1E7A4F7556}") = "Dtos", "Dtos\Dtos.csproj", "{B3D8BE90-F63C-464D-A181-2D280B174DED}"
EndProject
Project("{2150E333-8FDC-42A3-9474-1A3956D46DE8}") = "Applications", "Applications", "{5BE5E5EC-B828-4BDB-BA30-496094F02A9C}"
EndProject
Project("{9A19103F-16F7-4668-BE54-9A1E7A4F7556}") = "CConverterAPI", "CConverterAPI\CConverterAPI.csproj", "{13B7B94D-64AA-4902-AAE5-8950B511D574}"
EndProject
Project("{2150E333-8FDC-42A3-9474-1A3956D46DE8}") = "Services", "Services", "{07258B71-708B-4605-B8CC-27DC95F31D56}"
EndProject
Project("{9A19103F-16F7-4668-BE54-9A1E7A4F7556}") = "Services", "Services\Services.csproj", "{903265F0-82EF-4AA5-AE58-3142E688A19D}"
EndProject
Project("{9A19103F-16F7-4668-BE54-9A1E7A4F7556}") = "Core", "Core\Core.csproj", "{7F188F6E-A153-4968-B14D-9B1DC4A0BFD6}"
EndProject
Project("{9A19103F-16F7-4668-BE54-9A1E7A4F7556}") = "Controllers", "Controllers\Controllers.csproj", "{2AF22F25-F834-481B-9933-856C23AB23B1}"
EndProject
Project("{9A19103F-16F7-4668-BE54-9A1E7A4F7556}") = "CConverterClient", "CConverterClinet\CConverterClient.csproj", "{832FF8C3-9ECC-4DD1-827D-F6A66A3E57A4}"
EndProject
Project("{2150E333-8FDC-42A3-9474-1A3956D46DE8}") = "Test", "Test", "{1E7B5285-2D5F-4615-A987-A432DBC5B7EB}"
EndProject
Project("{FAE04EC0-301F-11D3-BF4B-00C04F79EFBC}") = "Tests", "Tests\Tests.csproj", "{39E51436-BABA-4352-90B3-CC95DC4CA7FF}"
EndProject
Global
	GlobalSection(SolutionConfigurationPlatforms) = preSolution
		Debug|Any CPU = Debug|Any CPU
		Release|Any CPU = Release|Any CPU
	EndGlobalSection
	GlobalSection(ProjectConfigurationPlatforms) = postSolution
		{B3D8BE90-F63C-464D-A181-2D280B174DED}.Debug|Any CPU.ActiveCfg = Debug|Any CPU
		{B3D8BE90-F63C-464D-A181-2D280B174DED}.Debug|Any CPU.Build.0 = Debug|Any CPU
		{B3D8BE90-F63C-464D-A181-2D280B174DED}.Release|Any CPU.ActiveCfg = Release|Any CPU
		{B3D8BE90-F63C-464D-A181-2D280B174DED}.Release|Any CPU.Build.0 = Release|Any CPU
		{13B7B94D-64AA-4902-AAE5-8950B511D574}.Debug|Any CPU.ActiveCfg = Debug|Any CPU
		{13B7B94D-64AA-4902-AAE5-8950B511D574}.Debug|Any CPU.Build.0 = Debug|Any CPU
		{13B7B94D-64AA-4902-AAE5-8950B511D574}.Release|Any CPU.ActiveCfg = Release|Any CPU
		{13B7B94D-64AA-4902-AAE5-8950B511D574}.Release|Any CPU.Build.0 = Release|Any CPU
		{903265F0-82EF-4AA5-AE58-3142E688A19D}.Debug|Any CPU.ActiveCfg = Debug|Any CPU
		{903265F0-82EF-4AA5-AE58-3142E688A19D}.Debug|Any CPU.Build.0 = Debug|Any CPU
		{903265F0-82EF-4AA5-AE58-3142E688A19D}.Release|Any CPU.ActiveCfg = Release|Any CPU
		{903265F0-82EF-4AA5-AE58-3142E688A19D}.Release|Any CPU.Build.0 = Release|Any CPU
		{7F188F6E-A153-4968-B14D-9B1DC4A0BFD6}.Debug|Any CPU.ActiveCfg = Debug|Any CPU
		{7F188F6E-A153-4968-B14D-9B1DC4A0BFD6}.Debug|Any CPU.Build.0 = Debug|Any CPU
		{7F188F6E-A153-4968-B14D-9B1DC4A0BFD6}.Release|Any CPU.ActiveCfg = Release|Any CPU
		{7F188F6E-A153-4968-B14D-9B1DC4A0BFD6}.Release|Any CPU.Build.0 = Release|Any CPU
		{2AF22F25-F834-481B-9933-856C23AB23B1}.Debug|Any CPU.ActiveCfg = Debug|Any CPU
		{2AF22F25-F834-481B-9933-856C23AB23B1}.Debug|Any CPU.Build.0 = Debug|Any CPU
		{2AF22F25-F834-481B-9933-856C23AB23B1}.Release|Any CPU.ActiveCfg = Release|Any CPU
		{2AF22F25-F834-481B-9933-856C23AB23B1}.Release|Any CPU.Build.0 = Release|Any CPU
		{832FF8C3-9ECC-4DD1-827D-F6A66A3E57A4}.Debug|Any CPU.ActiveCfg = Debug|Any CPU
		{832FF8C3-9ECC-4DD1-827D-F6A66A3E57A4}.Debug|Any CPU.Build.0 = Debug|Any CPU
		{832FF8C3-9ECC-4DD1-827D-F6A66A3E57A4}.Release|Any CPU.ActiveCfg = Release|Any CPU
		{832FF8C3-9ECC-4DD1-827D-F6A66A3E57A4}.Release|Any CPU.Build.0 = Release|Any CPU
		{39E51436-BABA-4352-90B3-CC95DC4CA7FF}.Debug|Any CPU.ActiveCfg = Debug|Any CPU
		{39E51436-BABA-4352-90B3-CC95DC4CA7FF}.Debug|Any CPU.Build.0 = Debug|Any CPU
		{39E51436-BABA-4352-90B3-CC95DC4CA7FF}.Release|Any CPU.ActiveCfg = Release|Any CPU
		{39E51436-BABA-4352-90B3-CC95DC4CA7FF}.Release|Any CPU.Build.0 = Release|Any CPU
	EndGlobalSection
	GlobalSection(SolutionProperties) = preSolution
		HideSolutionNode = FALSE
	EndGlobalSection
	GlobalSection(NestedProjects) = preSolution
		{B3D8BE90-F63C-464D-A181-2D280B174DED} = {8BB56463-8B2D-4AD2-AF79-B9DA4B3C7C12}
		{13B7B94D-64AA-4902-AAE5-8950B511D574} = {5BE5E5EC-B828-4BDB-BA30-496094F02A9C}
		{903265F0-82EF-4AA5-AE58-3142E688A19D} = {07258B71-708B-4605-B8CC-27DC95F31D56}
		{7F188F6E-A153-4968-B14D-9B1DC4A0BFD6} = {8BB56463-8B2D-4AD2-AF79-B9DA4B3C7C12}
		{2AF22F25-F834-481B-9933-856C23AB23B1} = {07258B71-708B-4605-B8CC-27DC95F31D56}
		{832FF8C3-9ECC-4DD1-827D-F6A66A3E57A4} = {5BE5E5EC-B828-4BDB-BA30-496094F02A9C}
		{39E51436-BABA-4352-90B3-CC95DC4CA7FF} = {1E7B5285-2D5F-4615-A987-A432DBC5B7EB}
	EndGlobalSection
	GlobalSection(ExtensibilityGlobals) = postSolution
		SolutionGuid = {DCAB70D3-3DF0-4B76-B94A-D9567058A5FE}
	EndGlobalSection
EndGlobal
