
Microsoft Visual Studio Solution File, Format Version 12.00
# Visual Studio Version 17
VisualStudioVersion = 17.5.33627.172
MinimumVisualStudioVersion = 10.0.40219.1
Project("{2150E333-8FDC-42A3-9474-1A3956D46DE8}") = "Application Bussiness", "Application Bussiness", "{8BB56463-8B2D-4AD2-AF79-B9DA4B3C7C12}"
EndProject
Project("{2150E333-8FDC-42A3-9474-1A3956D46DE8}") = "Applications", "Applications", "{5BE5E5EC-B828-4BDB-BA30-496094F02A9C}"
EndProject
Project("{2150E333-8FDC-42A3-9474-1A3956D46DE8}") = "Services", "Services", "{07258B71-708B-4605-B8CC-27DC95F31D56}"
EndProject
Project("{9A19103F-16F7-4668-BE54-9A1E7A4F7556}") = "CConverterClient", "CConverterClinet\CConverterClient.csproj", "{832FF8C3-9ECC-4DD1-827D-F6A66A3E57A4}"
EndProject
Project("{2150E333-8FDC-42A3-9474-1A3956D46DE8}") = "Test", "Test", "{1E7B5285-2D5F-4615-A987-A432DBC5B7EB}"
EndProject
Project("{FAE04EC0-301F-11D3-BF4B-00C04F79EFBC}") = "Tests", "Tests\Tests.csproj", "{39E51436-BABA-4352-90B3-CC95DC4CA7FF}"
EndProject
Project("{FAE04EC0-301F-11D3-BF4B-00C04F79EFBC}") = "Core", "Core\Core.csproj", "{E5D8D09F-5A84-4C23-8D30-F01AB55259AE}"
EndProject
Project("{FAE04EC0-301F-11D3-BF4B-00C04F79EFBC}") = "Dtos", "Dtos\Dtos.csproj", "{2FD4A591-B95E-46CE-B018-0C427658CE5E}"
EndProject
Project("{FAE04EC0-301F-11D3-BF4B-00C04F79EFBC}") = "Controllers", "Controllers\Controllers.csproj", "{F3223300-BFBE-4E0F-B19F-A740CB4466B1}"
EndProject
Project("{FAE04EC0-301F-11D3-BF4B-00C04F79EFBC}") = "Services", "Services\Services.csproj", "{A52C9E3B-ABC7-4E28-98DD-6CFB0104F92C}"
EndProject
Project("{FAE04EC0-301F-11D3-BF4B-00C04F79EFBC}") = "CConverterAPI", "CConverterAPI\CConverterAPI.csproj", "{A2E0C40F-7C7D-49EF-8040-F2AF83A96171}"
EndProject
Global
	GlobalSection(SolutionConfigurationPlatforms) = preSolution
		Debug|Any CPU = Debug|Any CPU
		Release|Any CPU = Release|Any CPU
	EndGlobalSection
	GlobalSection(ProjectConfigurationPlatforms) = postSolution
		{832FF8C3-9ECC-4DD1-827D-F6A66A3E57A4}.Debug|Any CPU.ActiveCfg = Debug|Any CPU
		{832FF8C3-9ECC-4DD1-827D-F6A66A3E57A4}.Debug|Any CPU.Build.0 = Debug|Any CPU
		{832FF8C3-9ECC-4DD1-827D-F6A66A3E57A4}.Release|Any CPU.ActiveCfg = Release|Any CPU
		{832FF8C3-9ECC-4DD1-827D-F6A66A3E57A4}.Release|Any CPU.Build.0 = Release|Any CPU
		{39E51436-BABA-4352-90B3-CC95DC4CA7FF}.Debug|Any CPU.ActiveCfg = Debug|Any CPU
		{39E51436-BABA-4352-90B3-CC95DC4CA7FF}.Debug|Any CPU.Build.0 = Debug|Any CPU
		{39E51436-BABA-4352-90B3-CC95DC4CA7FF}.Release|Any CPU.ActiveCfg = Release|Any CPU
		{39E51436-BABA-4352-90B3-CC95DC4CA7FF}.Release|Any CPU.Build.0 = Release|Any CPU
		{E5D8D09F-5A84-4C23-8D30-F01AB55259AE}.Debug|Any CPU.ActiveCfg = Debug|Any CPU
		{E5D8D09F-5A84-4C23-8D30-F01AB55259AE}.Debug|Any CPU.Build.0 = Debug|Any CPU
		{E5D8D09F-5A84-4C23-8D30-F01AB55259AE}.Release|Any CPU.ActiveCfg = Release|Any CPU
		{E5D8D09F-5A84-4C23-8D30-F01AB55259AE}.Release|Any CPU.Build.0 = Release|Any CPU
		{2FD4A591-B95E-46CE-B018-0C427658CE5E}.Debug|Any CPU.ActiveCfg = Debug|Any CPU
		{2FD4A591-B95E-46CE-B018-0C427658CE5E}.Debug|Any CPU.Build.0 = Debug|Any CPU
		{2FD4A591-B95E-46CE-B018-0C427658CE5E}.Release|Any CPU.ActiveCfg = Release|Any CPU
		{2FD4A591-B95E-46CE-B018-0C427658CE5E}.Release|Any CPU.Build.0 = Release|Any CPU
		{F3223300-BFBE-4E0F-B19F-A740CB4466B1}.Debug|Any CPU.ActiveCfg = Debug|Any CPU
		{F3223300-BFBE-4E0F-B19F-A740CB4466B1}.Debug|Any CPU.Build.0 = Debug|Any CPU
		{F3223300-BFBE-4E0F-B19F-A740CB4466B1}.Release|Any CPU.ActiveCfg = Release|Any CPU
		{F3223300-BFBE-4E0F-B19F-A740CB4466B1}.Release|Any CPU.Build.0 = Release|Any CPU
		{A52C9E3B-ABC7-4E28-98DD-6CFB0104F92C}.Debug|Any CPU.ActiveCfg = Debug|Any CPU
		{A52C9E3B-ABC7-4E28-98DD-6CFB0104F92C}.Debug|Any CPU.Build.0 = Debug|Any CPU
		{A52C9E3B-ABC7-4E28-98DD-6CFB0104F92C}.Release|Any CPU.ActiveCfg = Release|Any CPU
		{A52C9E3B-ABC7-4E28-98DD-6CFB0104F92C}.Release|Any CPU.Build.0 = Release|Any CPU
		{A2E0C40F-7C7D-49EF-8040-F2AF83A96171}.Debug|Any CPU.ActiveCfg = Debug|Any CPU
		{A2E0C40F-7C7D-49EF-8040-F2AF83A96171}.Debug|Any CPU.Build.0 = Debug|Any CPU
		{A2E0C40F-7C7D-49EF-8040-F2AF83A96171}.Release|Any CPU.ActiveCfg = Release|Any CPU
		{A2E0C40F-7C7D-49EF-8040-F2AF83A96171}.Release|Any CPU.Build.0 = Release|Any CPU
	EndGlobalSection
	GlobalSection(SolutionProperties) = preSolution
		HideSolutionNode = FALSE
	EndGlobalSection
	GlobalSection(NestedProjects) = preSolution
		{832FF8C3-9ECC-4DD1-827D-F6A66A3E57A4} = {5BE5E5EC-B828-4BDB-BA30-496094F02A9C}
		{39E51436-BABA-4352-90B3-CC95DC4CA7FF} = {1E7B5285-2D5F-4615-A987-A432DBC5B7EB}
		{E5D8D09F-5A84-4C23-8D30-F01AB55259AE} = {8BB56463-8B2D-4AD2-AF79-B9DA4B3C7C12}
		{2FD4A591-B95E-46CE-B018-0C427658CE5E} = {8BB56463-8B2D-4AD2-AF79-B9DA4B3C7C12}
		{F3223300-BFBE-4E0F-B19F-A740CB4466B1} = {07258B71-708B-4605-B8CC-27DC95F31D56}
		{A52C9E3B-ABC7-4E28-98DD-6CFB0104F92C} = {07258B71-708B-4605-B8CC-27DC95F31D56}
		{A2E0C40F-7C7D-49EF-8040-F2AF83A96171} = {5BE5E5EC-B828-4BDB-BA30-496094F02A9C}
	EndGlobalSection
	GlobalSection(ExtensibilityGlobals) = postSolution
		SolutionGuid = {DCAB70D3-3DF0-4B76-B94A-D9567058A5FE}
	EndGlobalSection
EndGlobal
